
Microsoft Visual Studio Solution File, Format Version 12.00
# Visual Studio 14
VisualStudioVersion = 14.0.25123.0
MinimumVisualStudioVersion = 10.0.40219.1
Project("{8BC9CEB8-8B4A-11D0-8D11-00A0C91BC942}") = "01-class", "01-class\01-class.vcxproj", "{A02166E8-8FD4-49BE-A97C-D7DECBC2E8AE}"
EndProject
Project("{8BC9CEB8-8B4A-11D0-8D11-00A0C91BC942}") = "2-updatedraw", "2-updatedraw\2-updatedraw.vcxproj", "{EFE8A101-0C2F-4A28-BFA3-439639F43DB2}"
EndProject
Project("{8BC9CEB8-8B4A-11D0-8D11-00A0C91BC942}") = "3-inheritance", "3-inheritance\3-inheritance.vcxproj", "{ECEDD176-81C0-4192-9E25-FCD5B24EB747}"
EndProject
Project("{8BC9CEB8-8B4A-11D0-8D11-00A0C91BC942}") = "4-ruleofthree", "4-ruleofthree\4-ruleofthree.vcxproj", "{1F4592C9-ECFC-4AEE-960C-F3E1C069A24E}"
EndProject
Project("{8BC9CEB8-8B4A-11D0-8D11-00A0C91BC942}") = "assmintprodotipe", "assmintprodotipe\assmintprodotipe.vcxproj", "{24A29E76-C078-4594-93C4-63DD38B86A14}"
EndProject
Global
	GlobalSection(SolutionConfigurationPlatforms) = preSolution
		Debug|x64 = Debug|x64
		Debug|x86 = Debug|x86
		Release|x64 = Release|x64
		Release|x86 = Release|x86
	EndGlobalSection
	GlobalSection(ProjectConfigurationPlatforms) = postSolution
		{A02166E8-8FD4-49BE-A97C-D7DECBC2E8AE}.Debug|x64.ActiveCfg = Debug|x64
		{A02166E8-8FD4-49BE-A97C-D7DECBC2E8AE}.Debug|x64.Build.0 = Debug|x64
		{A02166E8-8FD4-49BE-A97C-D7DECBC2E8AE}.Debug|x86.ActiveCfg = Debug|Win32
		{A02166E8-8FD4-49BE-A97C-D7DECBC2E8AE}.Debug|x86.Build.0 = Debug|Win32
		{A02166E8-8FD4-49BE-A97C-D7DECBC2E8AE}.Release|x64.ActiveCfg = Release|x64
		{A02166E8-8FD4-49BE-A97C-D7DECBC2E8AE}.Release|x64.Build.0 = Release|x64
		{A02166E8-8FD4-49BE-A97C-D7DECBC2E8AE}.Release|x86.ActiveCfg = Release|Win32
		{A02166E8-8FD4-49BE-A97C-D7DECBC2E8AE}.Release|x86.Build.0 = Release|Win32
		{EFE8A101-0C2F-4A28-BFA3-439639F43DB2}.Debug|x64.ActiveCfg = Debug|x64
		{EFE8A101-0C2F-4A28-BFA3-439639F43DB2}.Debug|x64.Build.0 = Debug|x64
		{EFE8A101-0C2F-4A28-BFA3-439639F43DB2}.Debug|x86.ActiveCfg = Debug|Win32
		{EFE8A101-0C2F-4A28-BFA3-439639F43DB2}.Debug|x86.Build.0 = Debug|Win32
		{EFE8A101-0C2F-4A28-BFA3-439639F43DB2}.Release|x64.ActiveCfg = Release|x64
		{EFE8A101-0C2F-4A28-BFA3-439639F43DB2}.Release|x64.Build.0 = Release|x64
		{EFE8A101-0C2F-4A28-BFA3-439639F43DB2}.Release|x86.ActiveCfg = Release|Win32
		{EFE8A101-0C2F-4A28-BFA3-439639F43DB2}.Release|x86.Build.0 = Release|Win32
		{ECEDD176-81C0-4192-9E25-FCD5B24EB747}.Debug|x64.ActiveCfg = Debug|x64
		{ECEDD176-81C0-4192-9E25-FCD5B24EB747}.Debug|x64.Build.0 = Debug|x64
		{ECEDD176-81C0-4192-9E25-FCD5B24EB747}.Debug|x86.ActiveCfg = Debug|Win32
		{ECEDD176-81C0-4192-9E25-FCD5B24EB747}.Debug|x86.Build.0 = Debug|Win32
		{ECEDD176-81C0-4192-9E25-FCD5B24EB747}.Release|x64.ActiveCfg = Release|x64
		{ECEDD176-81C0-4192-9E25-FCD5B24EB747}.Release|x64.Build.0 = Release|x64
		{ECEDD176-81C0-4192-9E25-FCD5B24EB747}.Release|x86.ActiveCfg = Release|Win32
		{ECEDD176-81C0-4192-9E25-FCD5B24EB747}.Release|x86.Build.0 = Release|Win32
		{1F4592C9-ECFC-4AEE-960C-F3E1C069A24E}.Debug|x64.ActiveCfg = Debug|x64
		{1F4592C9-ECFC-4AEE-960C-F3E1C069A24E}.Debug|x64.Build.0 = Debug|x64
		{1F4592C9-ECFC-4AEE-960C-F3E1C069A24E}.Debug|x86.ActiveCfg = Debug|Win32
		{1F4592C9-ECFC-4AEE-960C-F3E1C069A24E}.Debug|x86.Build.0 = Debug|Win32
		{1F4592C9-ECFC-4AEE-960C-F3E1C069A24E}.Release|x64.ActiveCfg = Release|x64
		{1F4592C9-ECFC-4AEE-960C-F3E1C069A24E}.Release|x64.Build.0 = Release|x64
		{1F4592C9-ECFC-4AEE-960C-F3E1C069A24E}.Release|x86.ActiveCfg = Release|Win32
		{1F4592C9-ECFC-4AEE-960C-F3E1C069A24E}.Release|x86.Build.0 = Release|Win32
		{24A29E76-C078-4594-93C4-63DD38B86A14}.Debug|x64.ActiveCfg = Debug|x64
		{24A29E76-C078-4594-93C4-63DD38B86A14}.Debug|x64.Build.0 = Debug|x64
		{24A29E76-C078-4594-93C4-63DD38B86A14}.Debug|x86.ActiveCfg = Debug|Win32
		{24A29E76-C078-4594-93C4-63DD38B86A14}.Debug|x86.Build.0 = Debug|Win32
		{24A29E76-C078-4594-93C4-63DD38B86A14}.Release|x64.ActiveCfg = Release|x64
		{24A29E76-C078-4594-93C4-63DD38B86A14}.Release|x64.Build.0 = Release|x64
		{24A29E76-C078-4594-93C4-63DD38B86A14}.Release|x86.ActiveCfg = Release|Win32
		{24A29E76-C078-4594-93C4-63DD38B86A14}.Release|x86.Build.0 = Release|Win32
	EndGlobalSection
	GlobalSection(SolutionProperties) = preSolution
		HideSolutionNode = FALSE
	EndGlobalSection
EndGlobal
